
Microsoft Visual Studio Solution File, Format Version 12.00
# Visual Studio 15
VisualStudioVersion = 15.0.26403.3
MinimumVisualStudioVersion = 10.0.40219.1
Project("{FAE04EC0-301F-11D3-BF4B-00C04F79EFBC}") = "SharpGen", "SharpGen\SharpGen.csproj", "{31F85A16-CB01-4456-BE3C-76E9FF3A1343}"
EndProject
Project("{FAE04EC0-301F-11D3-BF4B-00C04F79EFBC}") = "SharpCli", "SharpCli\SharpCli.csproj", "{4E2D9A17-2195-4A51-AAE3-924517440293}"
EndProject
Global
	GlobalSection(SolutionConfigurationPlatforms) = preSolution
		Debug|Any CPU = Debug|Any CPU
		Release|Any CPU = Release|Any CPU
	EndGlobalSection
	GlobalSection(ProjectConfigurationPlatforms) = postSolution
		{31F85A16-CB01-4456-BE3C-76E9FF3A1343}.Debug|Any CPU.ActiveCfg = Debug|Any CPU
		{31F85A16-CB01-4456-BE3C-76E9FF3A1343}.Debug|Any CPU.Build.0 = Debug|Any CPU
		{31F85A16-CB01-4456-BE3C-76E9FF3A1343}.Release|Any CPU.ActiveCfg = Release|Any CPU
		{31F85A16-CB01-4456-BE3C-76E9FF3A1343}.Release|Any CPU.Build.0 = Release|Any CPU
		{4E2D9A17-2195-4A51-AAE3-924517440293}.Debug|Any CPU.ActiveCfg = Debug|Any CPU
		{4E2D9A17-2195-4A51-AAE3-924517440293}.Debug|Any CPU.Build.0 = Debug|Any CPU
		{4E2D9A17-2195-4A51-AAE3-924517440293}.Release|Any CPU.ActiveCfg = Release|Any CPU
		{4E2D9A17-2195-4A51-AAE3-924517440293}.Release|Any CPU.Build.0 = Release|Any CPU
	EndGlobalSection
	GlobalSection(SolutionProperties) = preSolution
		HideSolutionNode = FALSE
	EndGlobalSection
EndGlobal
