Microsoft Visual Studio Solution File, Format Version 12.00
# Visual Studio 15
VisualStudioVersion = 15.0.27130.2027
MinimumVisualStudioVersion = 10.0.40219.1
Project("{9A19103F-16F7-4668-BE54-9A1E7A4F7556}") = "Struct", "Struct\Struct.csproj", "{497A3F6F-50DD-4BF3-B671-F1CE7D9AB1FB}"
EndProject
Project("{9A19103F-16F7-4668-BE54-9A1E7A4F7556}") = "Interface", "Interface\Interface.csproj", "{177CA2F6-8ECA-4FBA-A01C-4D064C307E65}"
EndProject
Project("{9A19103F-16F7-4668-BE54-9A1E7A4F7556}") = "Functions", "Functions\Functions.csproj", "{15D8B589-1E22-4B38-B8DF-A851C0E564AB}"
EndProject
Global
	GlobalSection(SolutionConfigurationPlatforms) = preSolution
		Debug|Any CPU = Debug|Any CPU
		Debug|x64 = Debug|x64
		Debug|x86 = Debug|x86
		Release|Any CPU = Release|Any CPU
		Release|x64 = Release|x64
		Release|x86 = Release|x86
	EndGlobalSection
	GlobalSection(ProjectConfigurationPlatforms) = postSolution
		{497A3F6F-50DD-4BF3-B671-F1CE7D9AB1FB}.Debug|Any CPU.ActiveCfg = Debug|Any CPU
		{497A3F6F-50DD-4BF3-B671-F1CE7D9AB1FB}.Debug|Any CPU.Build.0 = Debug|Any CPU
		{497A3F6F-50DD-4BF3-B671-F1CE7D9AB1FB}.Debug|x64.ActiveCfg = Debug|Any CPU
		{497A3F6F-50DD-4BF3-B671-F1CE7D9AB1FB}.Debug|x64.Build.0 = Debug|Any CPU
		{497A3F6F-50DD-4BF3-B671-F1CE7D9AB1FB}.Debug|x86.ActiveCfg = Debug|Any CPU
		{497A3F6F-50DD-4BF3-B671-F1CE7D9AB1FB}.Debug|x86.Build.0 = Debug|Any CPU
		{497A3F6F-50DD-4BF3-B671-F1CE7D9AB1FB}.Release|Any CPU.ActiveCfg = Release|Any CPU
		{497A3F6F-50DD-4BF3-B671-F1CE7D9AB1FB}.Release|Any CPU.Build.0 = Release|Any CPU
		{497A3F6F-50DD-4BF3-B671-F1CE7D9AB1FB}.Release|x64.ActiveCfg = Release|Any CPU
		{497A3F6F-50DD-4BF3-B671-F1CE7D9AB1FB}.Release|x64.Build.0 = Release|Any CPU
		{497A3F6F-50DD-4BF3-B671-F1CE7D9AB1FB}.Release|x86.ActiveCfg = Release|Any CPU
		{497A3F6F-50DD-4BF3-B671-F1CE7D9AB1FB}.Release|x86.Build.0 = Release|Any CPU
		{177CA2F6-8ECA-4FBA-A01C-4D064C307E65}.Debug|Any CPU.ActiveCfg = Debug|Any CPU
		{177CA2F6-8ECA-4FBA-A01C-4D064C307E65}.Debug|Any CPU.Build.0 = Debug|Any CPU
		{177CA2F6-8ECA-4FBA-A01C-4D064C307E65}.Debug|x64.ActiveCfg = Debug|Any CPU
		{177CA2F6-8ECA-4FBA-A01C-4D064C307E65}.Debug|x64.Build.0 = Debug|Any CPU
		{177CA2F6-8ECA-4FBA-A01C-4D064C307E65}.Debug|x86.ActiveCfg = Debug|Any CPU
		{177CA2F6-8ECA-4FBA-A01C-4D064C307E65}.Debug|x86.Build.0 = Debug|Any CPU
		{177CA2F6-8ECA-4FBA-A01C-4D064C307E65}.Release|Any CPU.ActiveCfg = Release|Any CPU
		{177CA2F6-8ECA-4FBA-A01C-4D064C307E65}.Release|Any CPU.Build.0 = Release|Any CPU
		{177CA2F6-8ECA-4FBA-A01C-4D064C307E65}.Release|x64.ActiveCfg = Release|Any CPU
		{177CA2F6-8ECA-4FBA-A01C-4D064C307E65}.Release|x64.Build.0 = Release|Any CPU
		{177CA2F6-8ECA-4FBA-A01C-4D064C307E65}.Release|x86.ActiveCfg = Release|Any CPU
		{177CA2F6-8ECA-4FBA-A01C-4D064C307E65}.Release|x86.Build.0 = Release|Any CPU
		{15D8B589-1E22-4B38-B8DF-A851C0E564AB}.Debug|Any CPU.ActiveCfg = Debug|Any CPU
		{15D8B589-1E22-4B38-B8DF-A851C0E564AB}.Debug|Any CPU.Build.0 = Debug|Any CPU
		{15D8B589-1E22-4B38-B8DF-A851C0E564AB}.Debug|x64.ActiveCfg = Debug|Any CPU
		{15D8B589-1E22-4B38-B8DF-A851C0E564AB}.Debug|x64.Build.0 = Debug|Any CPU
		{15D8B589-1E22-4B38-B8DF-A851C0E564AB}.Debug|x86.ActiveCfg = Debug|Any CPU
		{15D8B589-1E22-4B38-B8DF-A851C0E564AB}.Debug|x86.Build.0 = Debug|Any CPU
		{15D8B589-1E22-4B38-B8DF-A851C0E564AB}.Release|Any CPU.ActiveCfg = Release|Any CPU
		{15D8B589-1E22-4B38-B8DF-A851C0E564AB}.Release|Any CPU.Build.0 = Release|Any CPU
		{15D8B589-1E22-4B38-B8DF-A851C0E564AB}.Release|x64.ActiveCfg = Release|Any CPU
		{15D8B589-1E22-4B38-B8DF-A851C0E564AB}.Release|x64.Build.0 = Release|Any CPU
		{15D8B589-1E22-4B38-B8DF-A851C0E564AB}.Release|x86.ActiveCfg = Release|Any CPU
		{15D8B589-1E22-4B38-B8DF-A851C0E564AB}.Release|x86.Build.0 = Release|Any CPU
	EndGlobalSection
	GlobalSection(SolutionProperties) = preSolution
		HideSolutionNode = FALSE
	EndGlobalSection
	GlobalSection(ExtensibilityGlobals) = postSolution
		SolutionGuid = {221879F6-15EA-4006-BE00-9BD3435C8062}
	EndGlobalSection
EndGlobal
