Microsoft Visual Studio Solution File, Format Version 12.00
# Visual Studio 15
VisualStudioVersion = 15.0.27130.2027
MinimumVisualStudioVersion = 10.0.40219.1
Project("{9A19103F-16F7-4668-BE54-9A1E7A4F7556}") = "SharpGen.Runtime", "SharpGen.Runtime\SharpGen.Runtime.csproj", "{068FAC43-D2BE-472F-8D61-66227591FFC7}"
EndProject
Project("{2150E333-8FDC-42A3-9474-1A3956D46DE8}") = "ComInterface", "ComInterface", "{2904D94B-16A0-4656-AFEA-808309FD417C}"
EndProject
Project("{8BC9CEB8-8B4A-11D0-8D11-00A0C91BC942}") = "ComLib", "ComInterface\ComLib\ComLib.vcxproj", "{3A9E105C-78C8-4A36-9084-C74DF90D165B}"
EndProject
Project("{9A19103F-16F7-4668-BE54-9A1E7A4F7556}") = "ComLibTest", "ComInterface\ComLibTest\ComLibTest.csproj", "{22B82EB1-040E-41F6-A342-B0BF5F4E1DD1}"
	ProjectSection(ProjectDependencies) = postProject
		{3A9E105C-78C8-4A36-9084-C74DF90D165B} = {3A9E105C-78C8-4A36-9084-C74DF90D165B}
	EndProjectSection
EndProject
Project("{2150E333-8FDC-42A3-9474-1A3956D46DE8}") = "Struct", "Struct", "{42A2B127-779B-4F4A-8C52-81F4E8687B44}"
EndProject
Project("{8BC9CEB8-8B4A-11D0-8D11-00A0C91BC942}") = "StructLib", "Struct\StructLib\StructLib.vcxproj", "{13530E13-A3B9-4D6C-A652-A343F44D9497}"
EndProject
Project("{9A19103F-16F7-4668-BE54-9A1E7A4F7556}") = "StructLibTest", "Struct\StructLibTest\StructLibTest.csproj", "{6CD1F3CF-F99A-4493-9475-AB03B6EA7F27}"
	ProjectSection(ProjectDependencies) = postProject
		{13530E13-A3B9-4D6C-A652-A343F44D9497} = {13530E13-A3B9-4D6C-A652-A343F44D9497}
	EndProjectSection
EndProject
Project("{FAE04EC0-301F-11D3-BF4B-00C04F79EFBC}") = "SharpGen.Runtime.COM", "SharpGen.Runtime.COM\SharpGen.Runtime.COM.csproj", "{6BDACF13-8B28-4C47-B8AC-284FDB3173A1}"
EndProject
Global
	GlobalSection(SolutionConfigurationPlatforms) = preSolution
		Debug|Any CPU = Debug|Any CPU
		Debug|x64 = Debug|x64
		Debug|x86 = Debug|x86
		Release|Any CPU = Release|Any CPU
		Release|x64 = Release|x64
		Release|x86 = Release|x86
	EndGlobalSection
	GlobalSection(ProjectConfigurationPlatforms) = postSolution
		{068FAC43-D2BE-472F-8D61-66227591FFC7}.Debug|Any CPU.ActiveCfg = Debug|Any CPU
		{068FAC43-D2BE-472F-8D61-66227591FFC7}.Debug|Any CPU.Build.0 = Debug|Any CPU
		{068FAC43-D2BE-472F-8D61-66227591FFC7}.Debug|x64.ActiveCfg = Debug|Any CPU
		{068FAC43-D2BE-472F-8D61-66227591FFC7}.Debug|x64.Build.0 = Debug|Any CPU
		{068FAC43-D2BE-472F-8D61-66227591FFC7}.Debug|x86.ActiveCfg = Debug|Any CPU
		{068FAC43-D2BE-472F-8D61-66227591FFC7}.Debug|x86.Build.0 = Debug|Any CPU
		{068FAC43-D2BE-472F-8D61-66227591FFC7}.Release|Any CPU.ActiveCfg = Release|Any CPU
		{068FAC43-D2BE-472F-8D61-66227591FFC7}.Release|Any CPU.Build.0 = Release|Any CPU
		{068FAC43-D2BE-472F-8D61-66227591FFC7}.Release|x64.ActiveCfg = Debug|Any CPU
		{068FAC43-D2BE-472F-8D61-66227591FFC7}.Release|x64.Build.0 = Debug|Any CPU
		{068FAC43-D2BE-472F-8D61-66227591FFC7}.Release|x86.ActiveCfg = Release|Any CPU
		{068FAC43-D2BE-472F-8D61-66227591FFC7}.Release|x86.Build.0 = Release|Any CPU
		{3A9E105C-78C8-4A36-9084-C74DF90D165B}.Debug|Any CPU.ActiveCfg = Debug|x64
		{3A9E105C-78C8-4A36-9084-C74DF90D165B}.Debug|Any CPU.Build.0 = Debug|x64
		{3A9E105C-78C8-4A36-9084-C74DF90D165B}.Debug|x64.ActiveCfg = Debug|x64
		{3A9E105C-78C8-4A36-9084-C74DF90D165B}.Debug|x64.Build.0 = Debug|x64
		{3A9E105C-78C8-4A36-9084-C74DF90D165B}.Debug|x86.ActiveCfg = Debug|Win32
		{3A9E105C-78C8-4A36-9084-C74DF90D165B}.Debug|x86.Build.0 = Debug|Win32
		{3A9E105C-78C8-4A36-9084-C74DF90D165B}.Release|Any CPU.ActiveCfg = Release|x64
		{3A9E105C-78C8-4A36-9084-C74DF90D165B}.Release|Any CPU.Build.0 = Release|x64
		{3A9E105C-78C8-4A36-9084-C74DF90D165B}.Release|x64.ActiveCfg = Debug|x64
		{3A9E105C-78C8-4A36-9084-C74DF90D165B}.Release|x64.Build.0 = Debug|x64
		{3A9E105C-78C8-4A36-9084-C74DF90D165B}.Release|x86.ActiveCfg = Release|Win32
		{3A9E105C-78C8-4A36-9084-C74DF90D165B}.Release|x86.Build.0 = Release|Win32
		{22B82EB1-040E-41F6-A342-B0BF5F4E1DD1}.Debug|Any CPU.ActiveCfg = Debug|Any CPU
		{22B82EB1-040E-41F6-A342-B0BF5F4E1DD1}.Debug|Any CPU.Build.0 = Debug|Any CPU
		{22B82EB1-040E-41F6-A342-B0BF5F4E1DD1}.Debug|x64.ActiveCfg = Debug|Any CPU
		{22B82EB1-040E-41F6-A342-B0BF5F4E1DD1}.Debug|x64.Build.0 = Debug|Any CPU
		{22B82EB1-040E-41F6-A342-B0BF5F4E1DD1}.Debug|x86.ActiveCfg = Debug|Any CPU
		{22B82EB1-040E-41F6-A342-B0BF5F4E1DD1}.Debug|x86.Build.0 = Debug|Any CPU
		{22B82EB1-040E-41F6-A342-B0BF5F4E1DD1}.Release|Any CPU.ActiveCfg = Release|Any CPU
		{22B82EB1-040E-41F6-A342-B0BF5F4E1DD1}.Release|Any CPU.Build.0 = Release|Any CPU
		{22B82EB1-040E-41F6-A342-B0BF5F4E1DD1}.Release|x64.ActiveCfg = Debug|Any CPU
		{22B82EB1-040E-41F6-A342-B0BF5F4E1DD1}.Release|x64.Build.0 = Debug|Any CPU
		{22B82EB1-040E-41F6-A342-B0BF5F4E1DD1}.Release|x86.ActiveCfg = Release|Any CPU
		{22B82EB1-040E-41F6-A342-B0BF5F4E1DD1}.Release|x86.Build.0 = Release|Any CPU
		{13530E13-A3B9-4D6C-A652-A343F44D9497}.Debug|Any CPU.ActiveCfg = Debug|x64
		{13530E13-A3B9-4D6C-A652-A343F44D9497}.Debug|Any CPU.Build.0 = Debug|x64
		{13530E13-A3B9-4D6C-A652-A343F44D9497}.Debug|x64.ActiveCfg = Debug|x64
		{13530E13-A3B9-4D6C-A652-A343F44D9497}.Debug|x64.Build.0 = Debug|x64
		{13530E13-A3B9-4D6C-A652-A343F44D9497}.Debug|x86.ActiveCfg = Debug|Win32
		{13530E13-A3B9-4D6C-A652-A343F44D9497}.Debug|x86.Build.0 = Debug|Win32
		{13530E13-A3B9-4D6C-A652-A343F44D9497}.Release|Any CPU.ActiveCfg = Release|x64
		{13530E13-A3B9-4D6C-A652-A343F44D9497}.Release|Any CPU.Build.0 = Release|x64
		{13530E13-A3B9-4D6C-A652-A343F44D9497}.Release|x64.ActiveCfg = Release|x64
		{13530E13-A3B9-4D6C-A652-A343F44D9497}.Release|x64.Build.0 = Release|x64
		{13530E13-A3B9-4D6C-A652-A343F44D9497}.Release|x86.ActiveCfg = Release|Win32
		{13530E13-A3B9-4D6C-A652-A343F44D9497}.Release|x86.Build.0 = Release|Win32
		{6CD1F3CF-F99A-4493-9475-AB03B6EA7F27}.Debug|Any CPU.ActiveCfg = Debug|Any CPU
		{6CD1F3CF-F99A-4493-9475-AB03B6EA7F27}.Debug|Any CPU.Build.0 = Debug|Any CPU
		{6CD1F3CF-F99A-4493-9475-AB03B6EA7F27}.Debug|x64.ActiveCfg = Debug|Any CPU
		{6CD1F3CF-F99A-4493-9475-AB03B6EA7F27}.Debug|x64.Build.0 = Debug|Any CPU
		{6CD1F3CF-F99A-4493-9475-AB03B6EA7F27}.Debug|x86.ActiveCfg = Debug|Any CPU
		{6CD1F3CF-F99A-4493-9475-AB03B6EA7F27}.Debug|x86.Build.0 = Debug|Any CPU
		{6CD1F3CF-F99A-4493-9475-AB03B6EA7F27}.Release|Any CPU.ActiveCfg = Release|Any CPU
		{6CD1F3CF-F99A-4493-9475-AB03B6EA7F27}.Release|Any CPU.Build.0 = Release|Any CPU
		{6CD1F3CF-F99A-4493-9475-AB03B6EA7F27}.Release|x64.ActiveCfg = Release|Any CPU
		{6CD1F3CF-F99A-4493-9475-AB03B6EA7F27}.Release|x64.Build.0 = Release|Any CPU
		{6CD1F3CF-F99A-4493-9475-AB03B6EA7F27}.Release|x86.ActiveCfg = Release|Any CPU
		{6CD1F3CF-F99A-4493-9475-AB03B6EA7F27}.Release|x86.Build.0 = Release|Any CPU
		{6BDACF13-8B28-4C47-B8AC-284FDB3173A1}.Debug|Any CPU.ActiveCfg = Debug|Any CPU
		{6BDACF13-8B28-4C47-B8AC-284FDB3173A1}.Debug|Any CPU.Build.0 = Debug|Any CPU
		{6BDACF13-8B28-4C47-B8AC-284FDB3173A1}.Debug|x64.ActiveCfg = Debug|Any CPU
		{6BDACF13-8B28-4C47-B8AC-284FDB3173A1}.Debug|x64.Build.0 = Debug|Any CPU
		{6BDACF13-8B28-4C47-B8AC-284FDB3173A1}.Debug|x86.ActiveCfg = Debug|Any CPU
		{6BDACF13-8B28-4C47-B8AC-284FDB3173A1}.Debug|x86.Build.0 = Debug|Any CPU
		{6BDACF13-8B28-4C47-B8AC-284FDB3173A1}.Release|Any CPU.ActiveCfg = Release|Any CPU
		{6BDACF13-8B28-4C47-B8AC-284FDB3173A1}.Release|Any CPU.Build.0 = Release|Any CPU
		{6BDACF13-8B28-4C47-B8AC-284FDB3173A1}.Release|x64.ActiveCfg = Release|Any CPU
		{6BDACF13-8B28-4C47-B8AC-284FDB3173A1}.Release|x64.Build.0 = Release|Any CPU
		{6BDACF13-8B28-4C47-B8AC-284FDB3173A1}.Release|x86.ActiveCfg = Release|Any CPU
		{6BDACF13-8B28-4C47-B8AC-284FDB3173A1}.Release|x86.Build.0 = Release|Any CPU
	EndGlobalSection
	GlobalSection(SolutionProperties) = preSolution
		HideSolutionNode = FALSE
	EndGlobalSection
	GlobalSection(NestedProjects) = preSolution
		{3A9E105C-78C8-4A36-9084-C74DF90D165B} = {2904D94B-16A0-4656-AFEA-808309FD417C}
		{22B82EB1-040E-41F6-A342-B0BF5F4E1DD1} = {2904D94B-16A0-4656-AFEA-808309FD417C}
		{13530E13-A3B9-4D6C-A652-A343F44D9497} = {42A2B127-779B-4F4A-8C52-81F4E8687B44}
		{6CD1F3CF-F99A-4493-9475-AB03B6EA7F27} = {42A2B127-779B-4F4A-8C52-81F4E8687B44}
	EndGlobalSection
	GlobalSection(ExtensibilityGlobals) = postSolution
		SolutionGuid = {221879F6-15EA-4006-BE00-9BD3435C8062}
	EndGlobalSection
EndGlobal
